
Microsoft Visual Studio Solution File, Format Version 12.00
Project("{FAE04EC0-301F-11D3-BF4B-00C04F79EFBC}") = "AulasPOO", "AulasPOO\AulasPOO.csproj", "{1A324483-8162-4E80-ACF7-80D7ABC68C54}"
EndProject
Project("{FAE04EC0-301F-11D3-BF4B-00C04F79EFBC}") = "Aula2 - Overdose CSharp", "Aula2 - Overdose CSharp\Aula2 - Overdose CSharp.csproj", "{01590B68-C409-44E4-821B-2AEB27D90B81}"
EndProject
Project("{FAE04EC0-301F-11D3-BF4B-00C04F79EFBC}") = "Aula3", "Aula3\Aula3.csproj", "{427C2647-128B-48A3-B9BF-23994783D353}"
EndProject
Project("{FAE04EC0-301F-11D3-BF4B-00C04F79EFBC}") = "Exercicio 01 - IMC", "Exercicio 01 - IMC\Exercicio 01 - IMC.csproj", "{B1FD140C-0EB6-4525-BF66-1A16A083AEA8}"
EndProject
Global
	GlobalSection(SolutionConfigurationPlatforms) = preSolution
		Debug|Any CPU = Debug|Any CPU
		Release|Any CPU = Release|Any CPU
	EndGlobalSection
	GlobalSection(ProjectConfigurationPlatforms) = postSolution
		{1A324483-8162-4E80-ACF7-80D7ABC68C54}.Debug|Any CPU.ActiveCfg = Debug|Any CPU
		{1A324483-8162-4E80-ACF7-80D7ABC68C54}.Debug|Any CPU.Build.0 = Debug|Any CPU
		{1A324483-8162-4E80-ACF7-80D7ABC68C54}.Release|Any CPU.ActiveCfg = Release|Any CPU
		{1A324483-8162-4E80-ACF7-80D7ABC68C54}.Release|Any CPU.Build.0 = Release|Any CPU
		{01590B68-C409-44E4-821B-2AEB27D90B81}.Debug|Any CPU.ActiveCfg = Debug|Any CPU
		{01590B68-C409-44E4-821B-2AEB27D90B81}.Debug|Any CPU.Build.0 = Debug|Any CPU
		{01590B68-C409-44E4-821B-2AEB27D90B81}.Release|Any CPU.ActiveCfg = Release|Any CPU
		{01590B68-C409-44E4-821B-2AEB27D90B81}.Release|Any CPU.Build.0 = Release|Any CPU
		{427C2647-128B-48A3-B9BF-23994783D353}.Debug|Any CPU.ActiveCfg = Debug|Any CPU
		{427C2647-128B-48A3-B9BF-23994783D353}.Debug|Any CPU.Build.0 = Debug|Any CPU
		{427C2647-128B-48A3-B9BF-23994783D353}.Release|Any CPU.ActiveCfg = Release|Any CPU
		{427C2647-128B-48A3-B9BF-23994783D353}.Release|Any CPU.Build.0 = Release|Any CPU
		{B1FD140C-0EB6-4525-BF66-1A16A083AEA8}.Debug|Any CPU.ActiveCfg = Debug|Any CPU
		{B1FD140C-0EB6-4525-BF66-1A16A083AEA8}.Debug|Any CPU.Build.0 = Debug|Any CPU
		{B1FD140C-0EB6-4525-BF66-1A16A083AEA8}.Release|Any CPU.ActiveCfg = Release|Any CPU
		{B1FD140C-0EB6-4525-BF66-1A16A083AEA8}.Release|Any CPU.Build.0 = Release|Any CPU
	EndGlobalSection
EndGlobal
